// !$*UTF8*$!
{
	archiveVersion = 1;
	classes = {
	};
	objectVersion = 46;
	objects = {

/* Begin PBXBuildFile section */
		D7168C681BEBF47C002BC553 /* AppDelegate.swift in Sources */ = {isa = PBXBuildFile; fileRef = D7168C671BEBF47C002BC553 /* AppDelegate.swift */; };
		D7168C6A1BEBF47C002BC553 /* ViewController.swift in Sources */ = {isa = PBXBuildFile; fileRef = D7168C691BEBF47C002BC553 /* ViewController.swift */; };
		D7168C6D1BEBF47C002BC553 /* Main.storyboard in Resources */ = {isa = PBXBuildFile; fileRef = D7168C6B1BEBF47C002BC553 /* Main.storyboard */; };
		D7168C6F1BEBF47C002BC553 /* Assets.xcassets in Resources */ = {isa = PBXBuildFile; fileRef = D7168C6E1BEBF47C002BC553 /* Assets.xcassets */; };
		D7168C721BEBF47C002BC553 /* LaunchScreen.storyboard in Resources */ = {isa = PBXBuildFile; fileRef = D7168C701BEBF47C002BC553 /* LaunchScreen.storyboard */; };
		D7168C7D1BEBF47D002BC553 /* interGalacticTravelTests.swift in Sources */ = {isa = PBXBuildFile; fileRef = D7168C7C1BEBF47D002BC553 /* interGalacticTravelTests.swift */; };
		D7168C881BEBF47D002BC553 /* interGalacticTravelUITests.swift in Sources */ = {isa = PBXBuildFile; fileRef = D7168C871BEBF47D002BC553 /* interGalacticTravelUITests.swift */; };
		D728969A1BED45AF008A53D8 /* imageViewController.swift in Sources */ = {isa = PBXBuildFile; fileRef = D72896991BED45AF008A53D8 /* imageViewController.swift */; };
/* End PBXBuildFile section */

/* Begin PBXContainerItemProxy section */
		D7168C791BEBF47D002BC553 /* PBXContainerItemProxy */ = {
			isa = PBXContainerItemProxy;
			containerPortal = D7168C5C1BEBF47C002BC553 /* Project object */;
			proxyType = 1;
			remoteGlobalIDString = D7168C631BEBF47C002BC553;
			remoteInfo = interGalacticTravel;
		};
		D7168C841BEBF47D002BC553 /* PBXContainerItemProxy */ = {
			isa = PBXContainerItemProxy;
			containerPortal = D7168C5C1BEBF47C002BC553 /* Project object */;
			proxyType = 1;
			remoteGlobalIDString = D7168C631BEBF47C002BC553;
			remoteInfo = interGalacticTravel;
		};
/* End PBXContainerItemProxy section */

/* Begin PBXFileReference section */
		D7168C641BEBF47C002BC553 /* interGalacticTravel.app */ = {isa = PBXFileReference; explicitFileType = wrapper.application; includeInIndex = 0; path = interGalacticTravel.app; sourceTree = BUILT_PRODUCTS_DIR; };
		D7168C671BEBF47C002BC553 /* AppDelegate.swift */ = {isa = PBXFileReference; lastKnownFileType = sourcecode.swift; path = AppDelegate.swift; sourceTree = "<group>"; };
		D7168C691BEBF47C002BC553 /* ViewController.swift */ = {isa = PBXFileReference; lastKnownFileType = sourcecode.swift; path = ViewController.swift; sourceTree = "<group>"; };
		D7168C6C1BEBF47C002BC553 /* Base */ = {isa = PBXFileReference; lastKnownFileType = file.storyboard; name = Base; path = Base.lproj/Main.storyboard; sourceTree = "<group>"; };
		D7168C6E1BEBF47C002BC553 /* Assets.xcassets */ = {isa = PBXFileReference; lastKnownFileType = folder.assetcatalog; path = Assets.xcassets; sourceTree = "<group>"; };
		D7168C711BEBF47C002BC553 /* Base */ = {isa = PBXFileReference; lastKnownFileType = file.storyboard; name = Base; path = Base.lproj/LaunchScreen.storyboard; sourceTree = "<group>"; };
		D7168C731BEBF47C002BC553 /* Info.plist */ = {isa = PBXFileReference; lastKnownFileType = text.plist.xml; path = Info.plist; sourceTree = "<group>"; };
		D7168C781BEBF47D002BC553 /* interGalacticTravelTests.xctest */ = {isa = PBXFileReference; explicitFileType = wrapper.cfbundle; includeInIndex = 0; path = interGalacticTravelTests.xctest; sourceTree = BUILT_PRODUCTS_DIR; };
		D7168C7C1BEBF47D002BC553 /* interGalacticTravelTests.swift */ = {isa = PBXFileReference; lastKnownFileType = sourcecode.swift; path = interGalacticTravelTests.swift; sourceTree = "<group>"; };
		D7168C7E1BEBF47D002BC553 /* Info.plist */ = {isa = PBXFileReference; lastKnownFileType = text.plist.xml; path = Info.plist; sourceTree = "<group>"; };
		D7168C831BEBF47D002BC553 /* interGalacticTravelUITests.xctest */ = {isa = PBXFileReference; explicitFileType = wrapper.cfbundle; includeInIndex = 0; path = interGalacticTravelUITests.xctest; sourceTree = BUILT_PRODUCTS_DIR; };
		D7168C871BEBF47D002BC553 /* interGalacticTravelUITests.swift */ = {isa = PBXFileReference; lastKnownFileType = sourcecode.swift; path = interGalacticTravelUITests.swift; sourceTree = "<group>"; };
		D7168C891BEBF47D002BC553 /* Info.plist */ = {isa = PBXFileReference; lastKnownFileType = text.plist.xml; path = Info.plist; sourceTree = "<group>"; };
		D72896991BED45AF008A53D8 /* imageViewController.swift */ = {isa = PBXFileReference; fileEncoding = 4; lastKnownFileType = sourcecode.swift; path = imageViewController.swift; sourceTree = "<group>"; };
/* End PBXFileReference section */

/* Begin PBXFrameworksBuildPhase section */
		D7168C611BEBF47C002BC553 /* Frameworks */ = {
			isa = PBXFrameworksBuildPhase;
			buildActionMask = 2147483647;
			files = (
			);
			runOnlyForDeploymentPostprocessing = 0;
		};
		D7168C751BEBF47D002BC553 /* Frameworks */ = {
			isa = PBXFrameworksBuildPhase;
			buildActionMask = 2147483647;
			files = (
			);
			runOnlyForDeploymentPostprocessing = 0;
		};
		D7168C801BEBF47D002BC553 /* Frameworks */ = {
			isa = PBXFrameworksBuildPhase;
			buildActionMask = 2147483647;
			files = (
			);
			runOnlyForDeploymentPostprocessing = 0;
		};
/* End PBXFrameworksBuildPhase section */

/* Begin PBXGroup section */
		D7168C5B1BEBF47C002BC553 = {
			isa = PBXGroup;
			children = (
				D7168C661BEBF47C002BC553 /* interGalacticTravel */,
				D7168C7B1BEBF47D002BC553 /* interGalacticTravelTests */,
				D7168C861BEBF47D002BC553 /* interGalacticTravelUITests */,
				D7168C651BEBF47C002BC553 /* Products */,
			);
			sourceTree = "<group>";
		};
		D7168C651BEBF47C002BC553 /* Products */ = {
			isa = PBXGroup;
			children = (
				D7168C641BEBF47C002BC553 /* interGalacticTravel.app */,
				D7168C781BEBF47D002BC553 /* interGalacticTravelTests.xctest */,
				D7168C831BEBF47D002BC553 /* interGalacticTravelUITests.xctest */,
			);
			name = Products;
			sourceTree = "<group>";
		};
		D7168C661BEBF47C002BC553 /* interGalacticTravel */ = {
			isa = PBXGroup;
			children = (
				D7168C671BEBF47C002BC553 /* AppDelegate.swift */,
				D7168C691BEBF47C002BC553 /* ViewController.swift */,
				D7168C6B1BEBF47C002BC553 /* Main.storyboard */,
				D72896991BED45AF008A53D8 /* imageViewController.swift */,
				D7168C6E1BEBF47C002BC553 /* Assets.xcassets */,
				D7168C701BEBF47C002BC553 /* LaunchScreen.storyboard */,
				D7168C731BEBF47C002BC553 /* Info.plist */,
			);
			path = interGalacticTravel;
			sourceTree = "<group>";
		};
		D7168C7B1BEBF47D002BC553 /* interGalacticTravelTests */ = {
			isa = PBXGroup;
			children = (
				D7168C7C1BEBF47D002BC553 /* interGalacticTravelTests.swift */,
				D7168C7E1BEBF47D002BC553 /* Info.plist */,
			);
			path = interGalacticTravelTests;
			sourceTree = "<group>";
		};
		D7168C861BEBF47D002BC553 /* interGalacticTravelUITests */ = {
			isa = PBXGroup;
			children = (
				D7168C871BEBF47D002BC553 /* interGalacticTravelUITests.swift */,
				D7168C891BEBF47D002BC553 /* Info.plist */,
			);
			path = interGalacticTravelUITests;
			sourceTree = "<group>";
		};
/* End PBXGroup section */

/* Begin PBXNativeTarget section */
		D7168C631BEBF47C002BC553 /* interGalacticTravel */ = {
			isa = PBXNativeTarget;
			buildConfigurationList = D7168C8C1BEBF47D002BC553 /* Build configuration list for PBXNativeTarget "interGalacticTravel" */;
			buildPhases = (
				D7168C601BEBF47C002BC553 /* Sources */,
				D7168C611BEBF47C002BC553 /* Frameworks */,
				D7168C621BEBF47C002BC553 /* Resources */,
			);
			buildRules = (
			);
			dependencies = (
			);
			name = interGalacticTravel;
			productName = interGalacticTravel;
			productReference = D7168C641BEBF47C002BC553 /* interGalacticTravel.app */;
			productType = "com.apple.product-type.application";
		};
		D7168C771BEBF47D002BC553 /* interGalacticTravelTests */ = {
			isa = PBXNativeTarget;
			buildConfigurationList = D7168C8F1BEBF47D002BC553 /* Build configuration list for PBXNativeTarget "interGalacticTravelTests" */;
			buildPhases = (
				D7168C741BEBF47D002BC553 /* Sources */,
				D7168C751BEBF47D002BC553 /* Frameworks */,
				D7168C761BEBF47D002BC553 /* Resources */,
			);
			buildRules = (
			);
			dependencies = (
				D7168C7A1BEBF47D002BC553 /* PBXTargetDependency */,
			);
			name = interGalacticTravelTests;
			productName = interGalacticTravelTests;
			productReference = D7168C781BEBF47D002BC553 /* interGalacticTravelTests.xctest */;
			productType = "com.apple.product-type.bundle.unit-test";
		};
		D7168C821BEBF47D002BC553 /* interGalacticTravelUITests */ = {
			isa = PBXNativeTarget;
			buildConfigurationList = D7168C921BEBF47D002BC553 /* Build configuration list for PBXNativeTarget "interGalacticTravelUITests" */;
			buildPhases = (
				D7168C7F1BEBF47D002BC553 /* Sources */,
				D7168C801BEBF47D002BC553 /* Frameworks */,
				D7168C811BEBF47D002BC553 /* Resources */,
			);
			buildRules = (
			);
			dependencies = (
				D7168C851BEBF47D002BC553 /* PBXTargetDependency */,
			);
			name = interGalacticTravelUITests;
			productName = interGalacticTravelUITests;
			productReference = D7168C831BEBF47D002BC553 /* interGalacticTravelUITests.xctest */;
			productType = "com.apple.product-type.bundle.ui-testing";
		};
/* End PBXNativeTarget section */

/* Begin PBXProject section */
		D7168C5C1BEBF47C002BC553 /* Project object */ = {
			isa = PBXProject;
			attributes = {
				LastSwiftUpdateCheck = 0710;
				LastUpgradeCheck = 0710;
				ORGANIZATIONNAME = JohnHerseyHighSchool;
				TargetAttributes = {
					D7168C631BEBF47C002BC553 = {
						CreatedOnToolsVersion = 7.1;
					};
					D7168C771BEBF47D002BC553 = {
						CreatedOnToolsVersion = 7.1;
						TestTargetID = D7168C631BEBF47C002BC553;
					};
					D7168C821BEBF47D002BC553 = {
						CreatedOnToolsVersion = 7.1;
						TestTargetID = D7168C631BEBF47C002BC553;
					};
				};
			};
			buildConfigurationList = D7168C5F1BEBF47C002BC553 /* Build configuration list for PBXProject "interGalacticTravel" */;
			compatibilityVersion = "Xcode 3.2";
			developmentRegion = English;
			hasScannedForEncodings = 0;
			knownRegions = (
				en,
				Base,
			);
			mainGroup = D7168C5B1BEBF47C002BC553;
			productRefGroup = D7168C651BEBF47C002BC553 /* Products */;
			projectDirPath = "";
			projectRoot = "";
			targets = (
				D7168C631BEBF47C002BC553 /* interGalacticTravel */,
				D7168C771BEBF47D002BC553 /* interGalacticTravelTests */,
				D7168C821BEBF47D002BC553 /* interGalacticTravelUITests */,
			);
		};
/* End PBXProject section */

/* Begin PBXResourcesBuildPhase section */
		D7168C621BEBF47C002BC553 /* Resources */ = {
			isa = PBXResourcesBuildPhase;
			buildActionMask = 2147483647;
			files = (
				D7168C721BEBF47C002BC553 /* LaunchScreen.storyboard in Resources */,
				D7168C6F1BEBF47C002BC553 /* Assets.xcassets in Resources */,
				D7168C6D1BEBF47C002BC553 /* Main.storyboard in Resources */,
			);
			runOnlyForDeploymentPostprocessing = 0;
		};
		D7168C761BEBF47D002BC553 /* Resources */ = {
			isa = PBXResourcesBuildPhase;
			buildActionMask = 2147483647;
			files = (
			);
			runOnlyForDeploymentPostprocessing = 0;
		};
		D7168C811BEBF47D002BC553 /* Resources */ = {
			isa = PBXResourcesBuildPhase;
			buildActionMask = 2147483647;
			files = (
			);
			runOnlyForDeploymentPostprocessing = 0;
		};
/* End PBXResourcesBuildPhase section */

/* Begin PBXSourcesBuildPhase section */
		D7168C601BEBF47C002BC553 /* Sources */ = {
			isa = PBXSourcesBuildPhase;
			buildActionMask = 2147483647;
			files = (
				D728969A1BED45AF008A53D8 /* imageViewController.swift in Sources */,
				D7168C6A1BEBF47C002BC553 /* ViewController.swift in Sources */,
				D7168C681BEBF47C002BC553 /* AppDelegate.swift in Sources */,
			);
			runOnlyForDeploymentPostprocessing = 0;
		};
		D7168C741BEBF47D002BC553 /* Sources */ = {
			isa = PBXSourcesBuildPhase;
			buildActionMask = 2147483647;
			files = (
				D7168C7D1BEBF47D002BC553 /* interGalacticTravelTests.swift in Sources */,
			);
			runOnlyForDeploymentPostprocessing = 0;
		};
		D7168C7F1BEBF47D002BC553 /* Sources */ = {
			isa = PBXSourcesBuildPhase;
			buildActionMask = 2147483647;
			files = (
				D7168C881BEBF47D002BC553 /* interGalacticTravelUITests.swift in Sources */,
			);
			runOnlyForDeploymentPostprocessing = 0;
		};
/* End PBXSourcesBuildPhase section */

/* Begin PBXTargetDependency section */
		D7168C7A1BEBF47D002BC553 /* PBXTargetDependency */ = {
			isa = PBXTargetDependency;
			target = D7168C631BEBF47C002BC553 /* interGalacticTravel */;
			targetProxy = D7168C791BEBF47D002BC553 /* PBXContainerItemProxy */;
		};
		D7168C851BEBF47D002BC553 /* PBXTargetDependency */ = {
			isa = PBXTargetDependency;
			target = D7168C631BEBF47C002BC553 /* interGalacticTravel */;
			targetProxy = D7168C841BEBF47D002BC553 /* PBXContainerItemProxy */;
		};
/* End PBXTargetDependency section */

/* Begin PBXVariantGroup section */
		D7168C6B1BEBF47C002BC553 /* Main.storyboard */ = {
			isa = PBXVariantGroup;
			children = (
				D7168C6C1BEBF47C002BC553 /* Base */,
			);
			name = Main.storyboard;
			sourceTree = "<group>";
		};
		D7168C701BEBF47C002BC553 /* LaunchScreen.storyboard */ = {
			isa = PBXVariantGroup;
			children = (
				D7168C711BEBF47C002BC553 /* Base */,
			);
			name = LaunchScreen.storyboard;
			sourceTree = "<group>";
		};
/* End PBXVariantGroup section */

/* Begin XCBuildConfiguration section */
		D7168C8A1BEBF47D002BC553 /* Debug */ = {
			isa = XCBuildConfiguration;
			buildSettings = {
				ALWAYS_SEARCH_USER_PATHS = NO;
				CLANG_CXX_LANGUAGE_STANDARD = "gnu++0x";
				CLANG_CXX_LIBRARY = "libc++";
				CLANG_ENABLE_MODULES = YES;
				CLANG_ENABLE_OBJC_ARC = YES;
				CLANG_WARN_BOOL_CONVERSION = YES;
				CLANG_WARN_CONSTANT_CONVERSION = YES;
				CLANG_WARN_DIRECT_OBJC_ISA_USAGE = YES_ERROR;
				CLANG_WARN_EMPTY_BODY = YES;
				CLANG_WARN_ENUM_CONVERSION = YES;
				CLANG_WARN_INT_CONVERSION = YES;
				CLANG_WARN_OBJC_ROOT_CLASS = YES_ERROR;
				CLANG_WARN_UNREACHABLE_CODE = YES;
				CLANG_WARN__DUPLICATE_METHOD_MATCH = YES;
				"CODE_SIGN_IDENTITY[sdk=iphoneos*]" = "iPhone Developer";
				COPY_PHASE_STRIP = NO;
				DEBUG_INFORMATION_FORMAT = dwarf;
				ENABLE_STRICT_OBJC_MSGSEND = YES;
				ENABLE_TESTABILITY = YES;
				GCC_C_LANGUAGE_STANDARD = gnu99;
				GCC_DYNAMIC_NO_PIC = NO;
				GCC_NO_COMMON_BLOCKS = YES;
				GCC_OPTIMIZATION_LEVEL = 0;
				GCC_PREPROCESSOR_DEFINITIONS = (
					"DEBUG=1",
					"$(inherited)",
				);
				GCC_WARN_64_TO_32_BIT_CONVERSION = YES;
				GCC_WARN_ABOUT_RETURN_TYPE = YES_ERROR;
				GCC_WARN_UNDECLARED_SELECTOR = YES;
				GCC_WARN_UNINITIALIZED_AUTOS = YES_AGGRESSIVE;
				GCC_WARN_UNUSED_FUNCTION = YES;
				GCC_WARN_UNUSED_VARIABLE = YES;
				IPHONEOS_DEPLOYMENT_TARGET = 9.1;
				MTL_ENABLE_DEBUG_INFO = YES;
				ONLY_ACTIVE_ARCH = YES;
				SDKROOT = iphoneos;
				SWIFT_OPTIMIZATION_LEVEL = "-Onone";
				TARGETED_DEVICE_FAMILY = "1,2";
			};
			name = Debug;
		};
		D7168C8B1BEBF47D002BC553 /* Release */ = {
			isa = XCBuildConfiguration;
			buildSettings = {
				ALWAYS_SEARCH_USER_PATHS = NO;
				CLANG_CXX_LANGUAGE_STANDARD = "gnu++0x";
				CLANG_CXX_LIBRARY = "libc++";
				CLANG_ENABLE_MODULES = YES;
				CLANG_ENABLE_OBJC_ARC = YES;
				CLANG_WARN_BOOL_CONVERSION = YES;
				CLANG_WARN_CONSTANT_CONVERSION = YES;
				CLANG_WARN_DIRECT_OBJC_ISA_USAGE = YES_ERROR;
				CLANG_WARN_EMPTY_BODY = YES;
				CLANG_WARN_ENUM_CONVERSION = YES;
				CLANG_WARN_INT_CONVERSION = YES;
				CLANG_WARN_OBJC_ROOT_CLASS = YES_ERROR;
				CLANG_WARN_UNREACHABLE_CODE = YES;
				CLANG_WARN__DUPLICATE_METHOD_MATCH = YES;
				"CODE_SIGN_IDENTITY[sdk=iphoneos*]" = "iPhone Developer";
				COPY_PHASE_STRIP = NO;
				DEBUG_INFORMATION_FORMAT = "dwarf-with-dsym";
				ENABLE_NS_ASSERTIONS = NO;
				ENABLE_STRICT_OBJC_MSGSEND = YES;
				GCC_C_LANGUAGE_STANDARD = gnu99;
				GCC_NO_COMMON_BLOCKS = YES;
				GCC_WARN_64_TO_32_BIT_CONVERSION = YES;
				GCC_WARN_ABOUT_RETURN_TYPE = YES_ERROR;
				GCC_WARN_UNDECLARED_SELECTOR = YES;
				GCC_WARN_UNINITIALIZED_AUTOS = YES_AGGRESSIVE;
				GCC_WARN_UNUSED_FUNCTION = YES;
				GCC_WARN_UNUSED_VARIABLE = YES;
				IPHONEOS_DEPLOYMENT_TARGET = 9.1;
				MTL_ENABLE_DEBUG_INFO = NO;
				SDKROOT = iphoneos;
				TARGETED_DEVICE_FAMILY = "1,2";
				VALIDATE_PRODUCT = YES;
			};
			name = Release;
		};
		D7168C8D1BEBF47D002BC553 /* Debug */ = {
			isa = XCBuildConfiguration;
			buildSettings = {
				ASSETCATALOG_COMPILER_APPICON_NAME = AppIcon;
				INFOPLIST_FILE = interGalacticTravel/Info.plist;
				LD_RUNPATH_SEARCH_PATHS = "$(inherited) @executable_path/Frameworks";
				PRODUCT_BUNDLE_IDENTIFIER = JHHS.interGalacticTravel;
				PRODUCT_NAME = "$(TARGET_NAME)";
			};
			name = Debug;
		};
		D7168C8E1BEBF47D002BC553 /* Release */ = {
			isa = XCBuildConfiguration;
			buildSettings = {
				ASSETCATALOG_COMPILER_APPICON_NAME = AppIcon;
				INFOPLIST_FILE = interGalacticTravel/Info.plist;
				LD_RUNPATH_SEARCH_PATHS = "$(inherited) @executable_path/Frameworks";
				PRODUCT_BUNDLE_IDENTIFIER = JHHS.interGalacticTravel;
				PRODUCT_NAME = "$(TARGET_NAME)";
			};
			name = Release;
		};
		D7168C901BEBF47D002BC553 /* Debug */ = {
			isa = XCBuildConfiguration;
			buildSettings = {
				BUNDLE_LOADER = "$(TEST_HOST)";
				INFOPLIST_FILE = interGalacticTravelTests/Info.plist;
				LD_RUNPATH_SEARCH_PATHS = "$(inherited) @executable_path/Frameworks @loader_path/Frameworks";
				PRODUCT_BUNDLE_IDENTIFIER = JHHS.interGalacticTravelTests;
				PRODUCT_NAME = "$(TARGET_NAME)";
				TEST_HOST = "$(BUILT_PRODUCTS_DIR)/interGalacticTravel.app/interGalacticTravel";
			};
			name = Debug;
		};
		D7168C911BEBF47D002BC553 /* Release */ = {
			isa = XCBuildConfiguration;
			buildSettings = {
				BUNDLE_LOADER = "$(TEST_HOST)";
				INFOPLIST_FILE = interGalacticTravelTests/Info.plist;
				LD_RUNPATH_SEARCH_PATHS = "$(inherited) @executable_path/Frameworks @loader_path/Frameworks";
				PRODUCT_BUNDLE_IDENTIFIER = JHHS.interGalacticTravelTests;
				PRODUCT_NAME = "$(TARGET_NAME)";
				TEST_HOST = "$(BUILT_PRODUCTS_DIR)/interGalacticTravel.app/interGalacticTravel";
			};
			name = Release;
		};
		D7168C931BEBF47D002BC553 /* Debug */ = {
			isa = XCBuildConfiguration;
			buildSettings = {
				INFOPLIST_FILE = interGalacticTravelUITests/Info.plist;
				LD_RUNPATH_SEARCH_PATHS = "$(inherited) @executable_path/Frameworks @loader_path/Frameworks";
				PRODUCT_BUNDLE_IDENTIFIER = JHHS.interGalacticTravelUITests;
				PRODUCT_NAME = "$(TARGET_NAME)";
				TEST_TARGET_NAME = interGalacticTravel;
				USES_XCTRUNNER = YES;
			};
			name = Debug;
		};
		D7168C941BEBF47D002BC553 /* Release */ = {
			isa = XCBuildConfiguration;
			buildSettings = {
				INFOPLIST_FILE = interGalacticTravelUITests/Info.plist;
				LD_RUNPATH_SEARCH_PATHS = "$(inherited) @executable_path/Frameworks @loader_path/Frameworks";
				PRODUCT_BUNDLE_IDENTIFIER = JHHS.interGalacticTravelUITests;
				PRODUCT_NAME = "$(TARGET_NAME)";
				TEST_TARGET_NAME = interGalacticTravel;
				USES_XCTRUNNER = YES;
			};
			name = Release;
		};
/* End XCBuildConfiguration section */

/* Begin XCConfigurationList section */
		D7168C5F1BEBF47C002BC553 /* Build configuration list for PBXProject "interGalacticTravel" */ = {
			isa = XCConfigurationList;
			buildConfigurations = (
				D7168C8A1BEBF47D002BC553 /* Debug */,
				D7168C8B1BEBF47D002BC553 /* Release */,
			);
			defaultConfigurationIsVisible = 0;
			defaultConfigurationName = Release;
		};
		D7168C8C1BEBF47D002BC553 /* Build configuration list for PBXNativeTarget "interGalacticTravel" */ = {
			isa = XCConfigurationList;
			buildConfigurations = (
				D7168C8D1BEBF47D002BC553 /* Debug */,
				D7168C8E1BEBF47D002BC553 /* Release */,
			);
			defaultConfigurationIsVisible = 0;
			defaultConfigurationName = Release;
		};
		D7168C8F1BEBF47D002BC553 /* Build configuration list for PBXNativeTarget "interGalacticTravelTests" */ = {
			isa = XCConfigurationList;
			buildConfigurations = (
				D7168C901BEBF47D002BC553 /* Debug */,
				D7168C911BEBF47D002BC553 /* Release */,
			);
			defaultConfigurationIsVisible = 0;
			defaultConfigurationName = Release;
		};
		D7168C921BEBF47D002BC553 /* Build configuration list for PBXNativeTarget "interGalacticTravelUITests" */ = {
			isa = XCConfigurationList;
			buildConfigurations = (
				D7168C931BEBF47D002BC553 /* Debug */,
				D7168C941BEBF47D002BC553 /* Release */,
			);
			defaultConfigurationIsVisible = 0;
			defaultConfigurationName = Release;
		};
/* End XCConfigurationList section */
	};
	rootObject = D7168C5C1BEBF47C002BC553 /* Project object */;
}
